{
  "version": 1,
  "dependencies": {
    "net10.0": {
      "Avalonia": {
        "type": "Direct",
        "requested": "[12.0.4, )",
        "resolved": "12.0.4",
        "contentHash": "0ehIUuOVaR3OmsL8YK8v9yCCnOpzRtQSDgP5Nh2fMc+Lji8WoVGD+J6nvwkGjCH5hbm1urgvkVYWAYWkby0EeQ==",
        "dependencies": {
          "Avalonia.BuildServices": "11.3.2",
          "Avalonia.Remote.Protocol": "12.0.4",
          "MicroCom.Runtime": "0.11.4"
        }
      },
      "Avalonia.Desktop": {
        "type": "Direct",
        "requested": "[12.0.4, )",
        "resolved": "12.0.4",
        "contentHash": "7gnap/vQzMQESufH+muozlsOPAcMGE6CKEXUmv9Jx7dRK/OYO+r10ETrmRJg/zYgLPG8stZElsPUMhK8X+8rEQ==",
        "dependencies": {
          "Avalonia": "12.0.4",
          "Avalonia.HarfBuzz": "12.0.4",
          "Avalonia.Native": "12.0.4",
          "Avalonia.Skia": "12.0.4",
          "Avalonia.Win32": "12.0.4",
          "Avalonia.X11": "12.0.4"
        }
      },
      "Avalonia.Fonts.Inter": {
        "type": "Direct",
        "requested": "[12.0.4, )",
        "resolved": "12.0.4",
        "contentHash": "wXyoxswY4hD6Ly9iB9sojD4rZ104trm2Z1HWLgjHo/eZcBpwT6/T0CDOVp2PeN2wSd72bKlE0n3pFj9t/z7Ipw==",
        "dependencies": {
          "Avalonia": "12.0.4"
        }
      },
      "Avalonia.Themes.Fluent": {
        "type": "Direct",
        "requested": "[12.0.4, )",
        "resolved": "12.0.4",
        "contentHash": "SWhg/CGDkQmYspvYHSH7f6OTqhAfdbK5oBpitL1TiGVc/KtslShZeQyW9kLo6vYajJmbjZG01gNGplcmjEyV4g==",
        "dependencies": {
          "Avalonia": "12.0.4"
        }
      },
      "CommunityToolkit.Mvvm": {
        "type": "Direct",
        "requested": "[8.4.2, )",
        "resolved": "8.4.2",
        "contentHash": "WadCzGEc2U+3e20avRLng4qNtt4zoOGWrdUISqJWrHe3/FSnrYjuM5Sb4yQb09LhkBXrrI4Zt3dLKgRMbItsrg=="
      },
      "Microsoft.Extensions.DependencyInjection": {
        "type": "Direct",
        "requested": "[10.0.8, )",
        "resolved": "10.0.8",
        "contentHash": "daf62xHIrq8pnE709hgaZZN9tSam9TGGepWe1+bE6V3GEuVwJiMs6ib+38lfMCyAJAHiX0vapxBhsuMSV7U+cg==",
        "dependencies": {
          "Microsoft.Extensions.DependencyInjection.Abstractions": "10.0.8"
        }
      },
      "Microsoft.Extensions.Logging.Console": {
        "type": "Direct",
        "requested": "[10.0.8, )",
        "resolved": "10.0.8",
        "contentHash": "6cv53sHsPnFS56PJw8X4GbNcjeX1KGyFJRxJWvxOgK63cnqeSB1k1eRwjUdkse0tBhwlH6qc9EOYDlan+CYTuw==",
        "dependencies": {
          "Microsoft.Extensions.DependencyInjection.Abstractions": "10.0.8",
          "Microsoft.Extensions.Logging": "10.0.8",
          "Microsoft.Extensions.Logging.Abstractions": "10.0.8",
          "Microsoft.Extensions.Logging.Configuration": "10.0.8",
          "Microsoft.Extensions.Options": "10.0.8"
        }
      },
      "Avalonia.Angle.Windows.Natives": {
        "type": "Transitive",
        "resolved": "2.1.27548.20260419",
        "contentHash": "l17nI3XVDN3oMnpjf2pnmJg0YTwK4m6NLsn/itAjDMdObTFxN77D5F1M9sRMSfViSY3KKcse1ROczwgoWLJsnA=="
      },
      "Avalonia.BuildServices": {
        "type": "Transitive",
        "resolved": "11.3.2",
        "contentHash": "qHDToxto1e3hci5YqbG9n0Ty8mlp3zBUN5wT66wKqaDVzXyQ0do3EnRILd4Ke9jpvsktaPpgE0YjEk7hornryQ=="
      },
      "Avalonia.FreeDesktop": {
        "type": "Transitive",
        "resolved": "12.0.4",
        "contentHash": "MYZ51mQg3ir1ZJO2ePoNHoixwGomJ0x1EH0NzLTFidsikkQDIPVA50yIHXamFRUaFFutK+XKRsk+afrUv2HZAQ==",
        "dependencies": {
          "Avalonia": "12.0.4",
          "Tmds.DBus.Protocol": "0.92.0"
        }
      },
      "Avalonia.FreeDesktop.AtSpi": {
        "type": "Transitive",
        "resolved": "12.0.4",
        "contentHash": "BRr7G2n9VFSdGmv3ZRxH2327Op1svwadmKw/RfU0lC96COVS7fWLIXxQFYzz+LvgiENt9+IE1nQGcOQCJVhZZA==",
        "dependencies": {
          "Avalonia": "12.0.4"
        }
      },
      "Avalonia.HarfBuzz": {
        "type": "Transitive",
        "resolved": "12.0.4",
        "contentHash": "FT5XHaxnCA+kj+Q6dXAPC9/Gy1eBz3buT7T6KJFu+P8+2WZoSFBN5Pk4mO/VA8OTUwtZB/TOX8lExSrmxUBdqw==",
        "dependencies": {
          "Avalonia": "12.0.4",
          "HarfBuzzSharp": "8.3.1.3",
          "HarfBuzzSharp.NativeAssets.Linux": "8.3.1.3",
          "HarfBuzzSharp.NativeAssets.WebAssembly": "8.3.1.3"
        }
      },
      "Avalonia.Native": {
        "type": "Transitive",
        "resolved": "12.0.4",
        "contentHash": "N1Mxv+R9kQ9UDOybaQLNviDZ91k0RmY3m84Vj1gXsJcc+qMmGr0jvs0dBNcsvTHqkfY8gZC+u8CWdJUfLtRMAQ==",
        "dependencies": {
          "Avalonia": "12.0.4"
        }
      },
      "Avalonia.Remote.Protocol": {
        "type": "Transitive",
        "resolved": "12.0.4",
        "contentHash": "Cvnzp2KTO7BScBPnn4Q91PmVwLvv19of+ZxrN3KFHYQe8in0qNaefZgOHGEiXZ841WpdO3VUFw7qvxv/1RTTGg=="
      },
      "Avalonia.Skia": {
        "type": "Transitive",
        "resolved": "12.0.4",
        "contentHash": "YXUvuMqhbie4uNM9LTbniksavQcxhY0HLaxoH3IW7v4tYiV0U7VHQFDd0qfrlqqnmNZ6mtllk6wqm9uSr/YDZw==",
        "dependencies": {
          "Avalonia": "12.0.4",
          "HarfBuzzSharp": "8.3.1.3",
          "HarfBuzzSharp.NativeAssets.Linux": "8.3.1.3",
          "HarfBuzzSharp.NativeAssets.WebAssembly": "8.3.1.3",
          "SkiaSharp": "3.119.4",
          "SkiaSharp.NativeAssets.Linux": "3.119.4",
          "SkiaSharp.NativeAssets.WebAssembly": "3.119.4"
        }
      },
      "Avalonia.Win32": {
        "type": "Transitive",
        "resolved": "12.0.4",
        "contentHash": "B4knOvBcS0sqHLW7uqGZCN42uqV08zdWcguIfWGGb1vOmdYnNDbTbVzMUEKKBCUuNIKE0Vs4y7zk8lvwyybyiA==",
        "dependencies": {
          "Avalonia": "12.0.4",
          "Avalonia.Angle.Windows.Natives": "2.1.27548.20260419"
        }
      },
      "Avalonia.X11": {
        "type": "Transitive",
        "resolved": "12.0.4",
        "contentHash": "zFSVXbhhUMkXL+Ity0slAzys1AOsGVX89n23uVBoQ0I26MU/xsRajDkDhNB5R/HdQGI57dEYSyRYsq+B2pxPFw==",
        "dependencies": {
          "Avalonia": "12.0.4",
          "Avalonia.FreeDesktop": "12.0.4",
          "Avalonia.FreeDesktop.AtSpi": "12.0.4",
          "Avalonia.Skia": "12.0.4"
        }
      },
      "Celly": {
        "type": "Transitive",
        "resolved": "1.2.0",
        "contentHash": "3NuJoocWJLn82zl9SF8zuC/kJpnBLr7lrysQ1TNlT6OjxK4r+u0/2SWRwTu7hl9P7xybc88KHDKJY/PE4CIYbw=="
      },
      "CSJ2K": {
        "type": "Transitive",
        "resolved": "3.0.0",
        "contentHash": "mF0bzm1mwyu0sCCk/AXoDvqeJqPJfU+r0G2i3nXzPK22tfAFMoEUy8AazdNQqfChJmlamT7qf30B/NS8pTSIZQ==",
        "dependencies": {
          "NETStandard.Library": "1.6.1"
        }
      },
      "Excise.Core": {
        "type": "Transitive",
        "resolved": "3.8.0",
        "contentHash": "U9gQtIXlOfsH+hEhYi+P+bjGCESxwVzIxK8Z+mkXtaW9x/vQBfTuHtgtGUpvCxktmNki9085IUG75JLnzDOaiA==",
        "dependencies": {
          "CSJ2K": "3.0.0"
        }
      },
      "HarfBuzzSharp": {
        "type": "Transitive",
        "resolved": "8.3.1.3",
        "contentHash": "NGZ2+ZVNPM+NdHB/asW0/ykWngyHWwcqjrbN2nDeH1B/aptPGlCUl8wkQ2cSJxw5fdWgdmIPmNuTPWpLwNVXWg==",
        "dependencies": {
          "HarfBuzzSharp.NativeAssets.Win32": "8.3.1.3",
          "HarfBuzzSharp.NativeAssets.macOS": "8.3.1.3"
        }
      },
      "HarfBuzzSharp.NativeAssets.Linux": {
        "type": "Transitive",
        "resolved": "8.3.1.3",
        "contentHash": "RI6A1LgmooU30+4QIyFt5rmBCzP0VzTR+587IJSGvYIsHHWlahFufihYxtraLfsIhW7I8dn6+xX+DZGygOPKWQ=="
      },
      "HarfBuzzSharp.NativeAssets.macOS": {
        "type": "Transitive",
        "resolved": "8.3.1.3",
        "contentHash": "KPTq0xnslkI6nAo0jh3ptcQPJvZZr7MWYXa2jUe4SnHc9q+JlHElmNXp0sfFoiTgoCX7WOYpYsurypuH9Gehxw=="
      },
      "HarfBuzzSharp.NativeAssets.WebAssembly": {
        "type": "Transitive",
        "resolved": "8.3.1.3",
        "contentHash": "w2QfdNm9Uz/sUa0B5D+OnVQhyq3G/fBq6ibQMdWBlQqqwh0g0/5j3RFvYqZAmRZ5+RzvjVe8o8SFFnWYUSkuxA=="
      },
      "HarfBuzzSharp.NativeAssets.Win32": {
        "type": "Transitive",
        "resolved": "8.3.1.3",
        "contentHash": "bx8CE8Js+XGX8PUxAHCBDEORt5aaBYtMN4Hr9QFs57Xithh6yjUyYqksizH6eRDhJkwsGI+SXWmPmMm8lZC9Pw=="
      },
      "MicroCom.Runtime": {
        "type": "Transitive",
        "resolved": "0.11.4",
        "contentHash": "yZ8+Lgwo+KtRI29TB2mIOEMzV+csMJ+pKZg4YHReAP3vRewWLKKeYfrBDo5FS69rWnEbCfU3sbM+ZEQr+GDLtg=="
      },
      "Microsoft.Extensions.Configuration": {
        "type": "Transitive",
        "resolved": "10.0.8",
        "contentHash": "ehZcoPbjzWzS4XFvuz7R3V55SmpdkyMqFURLH3yXaN9NtXd9tR6CGB7pd49HYtCkenl+G7ctXSFLhNI08xLfRg==",
        "dependencies": {
          "Microsoft.Extensions.Configuration.Abstractions": "10.0.8",
          "Microsoft.Extensions.Primitives": "10.0.8"
        }
      },
      "Microsoft.Extensions.Configuration.Abstractions": {
        "type": "Transitive",
        "resolved": "10.0.8",
        "contentHash": "I63esIFbL3h5pSt7gXpXOlmcwDmYBUoYNEglKfDPFUqtYvSV84f2l28hO2lfVXsV0wdlplgAM7IVz16matapSg==",
        "dependencies": {
          "Microsoft.Extensions.Primitives": "10.0.8"
        }
      },
      "Microsoft.Extensions.Configuration.Binder": {
        "type": "Transitive",
        "resolved": "10.0.8",
        "contentHash": "R3NN1X+kVu14uoxLEW6sBSQyhogDSbaOQzILnCtuXxBN4hx22AgjWPwZX6v/suERFkEDgU1lk12AglHTrUxhlw==",
        "dependencies": {
          "Microsoft.Extensions.Configuration": "10.0.8",
          "Microsoft.Extensions.Configuration.Abstractions": "10.0.8"
        }
      },
      "Microsoft.Extensions.DependencyInjection.Abstractions": {
        "type": "Transitive",
        "resolved": "10.0.8",
        "contentHash": "21nbDV60SRPWGIivsyl6lqBeEJNG1sginhhfWgRrr3Ais7aQ12To25OAHQxgoiJkjqy1aQ6RxpZBGYuTi7Ge6A=="
      },
      "Microsoft.Extensions.Logging": {
        "type": "Transitive",
        "resolved": "10.0.8",
        "contentHash": "K60JhWC2hN/Gi7TP68tBxSzk5ACWOs7lkmPzsfA8Bcf/IXTajujt2ORMf9rSMk1bsng6Lv4Y3fuxp3bm1+15ug==",
        "dependencies": {
          "Microsoft.Extensions.DependencyInjection": "10.0.8",
          "Microsoft.Extensions.Logging.Abstractions": "10.0.8",
          "Microsoft.Extensions.Options": "10.0.8"
        }
      },
      "Microsoft.Extensions.Logging.Abstractions": {
        "type": "Transitive",
        "resolved": "10.0.8",
        "contentHash": "fdVadZmsC8jRP0KvKy8mO8f6GV/HyBvElfcSxEhd+5FM5boAw/01iSaCto5G3G37ApJira4A3pNaVvBv8cUiLQ==",
        "dependencies": {
          "Microsoft.Extensions.DependencyInjection.Abstractions": "10.0.8"
        }
      },
      "Microsoft.Extensions.Logging.Configuration": {
        "type": "Transitive",
        "resolved": "10.0.8",
        "contentHash": "rxSLTO7xTbcC3DuEJHNEijBr8g14Jj62zQ+DeFu68bsoTYoU8jLcMhc1735PV21bESXsATlL5LsfaWH71FOWAg==",
        "dependencies": {
          "Microsoft.Extensions.Configuration": "10.0.8",
          "Microsoft.Extensions.Configuration.Abstractions": "10.0.8",
          "Microsoft.Extensions.Configuration.Binder": "10.0.8",
          "Microsoft.Extensions.DependencyInjection.Abstractions": "10.0.8",
          "Microsoft.Extensions.Logging": "10.0.8",
          "Microsoft.Extensions.Logging.Abstractions": "10.0.8",
          "Microsoft.Extensions.Options": "10.0.8",
          "Microsoft.Extensions.Options.ConfigurationExtensions": "10.0.8"
        }
      },
      "Microsoft.Extensions.Options": {
        "type": "Transitive",
        "resolved": "10.0.8",
        "contentHash": "VBD+131DpTNCNDfA4kIyKTiCySvJGNhwibdWBSdFRu7GMfXLXcXODkgA+KStKbbhzraLglZWUN4nXyHgW4JIRA==",
        "dependencies": {
          "Microsoft.Extensions.DependencyInjection.Abstractions": "10.0.8",
          "Microsoft.Extensions.Primitives": "10.0.8"
        }
      },
      "Microsoft.Extensions.Options.ConfigurationExtensions": {
        "type": "Transitive",
        "resolved": "10.0.8",
        "contentHash": "VOapXeO3lhBH0zYoyAH7tjapuo4V5pTHlevPpiSHueEquAajqd5nF0mttm+h/uE/exwAEuM5s26SzOJtletE3w==",
        "dependencies": {
          "Microsoft.Extensions.Configuration.Abstractions": "10.0.8",
          "Microsoft.Extensions.Configuration.Binder": "10.0.8",
          "Microsoft.Extensions.DependencyInjection.Abstractions": "10.0.8",
          "Microsoft.Extensions.Options": "10.0.8",
          "Microsoft.Extensions.Primitives": "10.0.8"
        }
      },
      "Microsoft.Extensions.Primitives": {
        "type": "Transitive",
        "resolved": "10.0.8",
        "contentHash": "OBPo4nYhMyIbtueoC10CBm6AGAbo/A9IV8QQ/6ryZS7VvmqpGT7hunazeHLxFawRzn3oLOq4jhqhpBX4tfswWQ=="
      },
      "Microsoft.NETCore.Platforms": {
        "type": "Transitive",
        "resolved": "1.1.0",
        "contentHash": "kz0PEW2lhqygehI/d6XsPCQzD7ff7gUJaVGPVETX611eadGsA3A877GdSlU0LRVMCTH/+P3o2iDTak+S08V2+A=="
      },
      "NETStandard.Library": {
        "type": "Transitive",
        "resolved": "1.6.1",
        "contentHash": "WcSp3+vP+yHNgS8EV5J7pZ9IRpeDuARBPN28by8zqff1wJQXm26PVU8L3/fYLBJVU7BtDyqNVWq2KlCVvSSR4A==",
        "dependencies": {
          "Microsoft.NETCore.Platforms": "1.1.0"
        }
      },
      "SkiaSharp": {
        "type": "Transitive",
        "resolved": "3.119.4",
        "contentHash": "53NOSUZ1Us+91Sm0uCkIivh/k7jOowRErZT2sIWwPFN9mLUvdxnE6rS4sWo4255+Rd2MWUSF+j0NMZHD6Cke+Q==",
        "dependencies": {
          "SkiaSharp.NativeAssets.Win32": "3.119.4",
          "SkiaSharp.NativeAssets.macOS": "3.119.4"
        }
      },
      "SkiaSharp.NativeAssets.Linux": {
        "type": "Transitive",
        "resolved": "3.119.4",
        "contentHash": "UAyVzbqNfZsZbKbzj68zXLyUyF/SbTKmzTfOO6qDu++dtIUMMTzPBe8oOuzU/DiewpfKoUUlOSsJmqWc6blxBw=="
      },
      "SkiaSharp.NativeAssets.macOS": {
        "type": "Transitive",
        "resolved": "3.119.4",
        "contentHash": "fgBOWEqbY012x7gMfJU4ezgz6dfhJb30Z6YdW35h85Zoe39+a8YNbAAwL29ihPfWoppg5AjvyKNzD1oCvlqWwA=="
      },
      "SkiaSharp.NativeAssets.WebAssembly": {
        "type": "Transitive",
        "resolved": "3.119.4",
        "contentHash": "S1HOxtBbD4bYDtA2e9WH5TX+lxqRrTPvKjrjttRhxnHNNu7YY8VFo/LeCP7tNqoTA6PV+8vsvNbmRUEC2ip8RQ=="
      },
      "SkiaSharp.NativeAssets.Win32": {
        "type": "Transitive",
        "resolved": "3.119.4",
        "contentHash": "XOpbx/4CReO2wYsq2s6rbvdauc6dntG4Zv499sHGTJ87bwZaFXszFkwql3+FIZMc8kUPeaj3Mx2ezIJmo8a1Kg=="
      },
      "System.Security.Cryptography.Pkcs": {
        "type": "Transitive",
        "resolved": "10.0.0",
        "contentHash": "UPWqLSygJlFerRi9XNIuM0a1VC8gHUIufyP24xQ0sc+XimqUAEcjpOz9DhKpyDjH+5B/wO3RpC0KpkEeDj/ddg=="
      },
      "Tmds.DBus.Protocol": {
        "type": "Transitive",
        "resolved": "0.92.0",
        "contentHash": "h7IMakm0PF2jxiagoysoAjrzzLQ0UBdnSXQL5kb17YW0Fvyo12Tg96A99QkzwktWRrd7H+Uw9EzjasNLUfGYlA=="
      },
      "promptresponse.core": {
        "type": "Project",
        "dependencies": {
          "Celly": "[1.2.0, )",
          "Microsoft.Extensions.Logging.Abstractions": "[10.0.8, )",
          "System.Security.Cryptography.Pkcs": "[10.0.0, )"
        }
      },
      "promptresponse.rendering.pdf": {
        "type": "Project",
        "dependencies": {
          "Excise.Core": "[3.8.0, )",
          "PromptResponse.Core": "[1.0.0-beta.2, )"
        }
      }
    }
  }
}