{
  "version": 1,
  "dependencies": {
    "net10.0": {
      "Excise.Core": {
        "type": "Direct",
        "requested": "[3.8.0, )",
        "resolved": "3.8.0",
        "contentHash": "U9gQtIXlOfsH+hEhYi+P+bjGCESxwVzIxK8Z+mkXtaW9x/vQBfTuHtgtGUpvCxktmNki9085IUG75JLnzDOaiA==",
        "dependencies": {
          "CSJ2K": "3.0.0"
        }
      },
      "Celly": {
        "type": "Transitive",
        "resolved": "1.2.0",
        "contentHash": "3NuJoocWJLn82zl9SF8zuC/kJpnBLr7lrysQ1TNlT6OjxK4r+u0/2SWRwTu7hl9P7xybc88KHDKJY/PE4CIYbw=="
      },
      "CSJ2K": {
        "type": "Transitive",
        "resolved": "3.0.0",
        "contentHash": "mF0bzm1mwyu0sCCk/AXoDvqeJqPJfU+r0G2i3nXzPK22tfAFMoEUy8AazdNQqfChJmlamT7qf30B/NS8pTSIZQ==",
        "dependencies": {
          "NETStandard.Library": "1.6.1"
        }
      },
      "Microsoft.Extensions.DependencyInjection.Abstractions": {
        "type": "Transitive",
        "resolved": "10.0.11",
        "contentHash": "/a1aJz4m7ylhEDf25ugQChLQoN5XwoGjWw/BoR/ZWWKsO1v4DdJElS1uyngahz4B/eOzjFk1KNTkarRLE5wsIg=="
      },
      "Microsoft.Extensions.Logging.Abstractions": {
        "type": "Transitive",
        "resolved": "10.0.11",
        "contentHash": "Ljd0Uxoq5XpScD2Bg0nM/r3mwx7Ao5Uq24eo2ARxbGvqJ7Zht6rt2cJtwVRH4Cv+1ZVMdXz6TB43KbpmsxRrvQ==",
        "dependencies": {
          "Microsoft.Extensions.DependencyInjection.Abstractions": "10.0.11"
        }
      },
      "Microsoft.NETCore.Platforms": {
        "type": "Transitive",
        "resolved": "1.1.0",
        "contentHash": "kz0PEW2lhqygehI/d6XsPCQzD7ff7gUJaVGPVETX611eadGsA3A877GdSlU0LRVMCTH/+P3o2iDTak+S08V2+A=="
      },
      "NETStandard.Library": {
        "type": "Transitive",
        "resolved": "1.6.1",
        "contentHash": "WcSp3+vP+yHNgS8EV5J7pZ9IRpeDuARBPN28by8zqff1wJQXm26PVU8L3/fYLBJVU7BtDyqNVWq2KlCVvSSR4A==",
        "dependencies": {
          "Microsoft.NETCore.Platforms": "1.1.0"
        }
      },
      "System.Security.Cryptography.Pkcs": {
        "type": "Transitive",
        "resolved": "10.0.11",
        "contentHash": "8IV+rI3xN/Mkq9MsSX7VZTv9T9Wt+tyhHLwBX9VNZBk8m8kknEs1JeTSjI2x9M2L/fSja+c2WSE5n5Yy0GXdoQ=="
      },
      "YamlDotNet": {
        "type": "Transitive",
        "resolved": "18.1.0",
        "contentHash": "5K+9KFg2TdTl7VXv88Qzi/0lqK6JFoNP3lRuImPYGRV7K/QYklDyTrj4+A+KAki1JsQi6qKY+hDyY7d6WRqjrw=="
      },
      "promptresponse.core": {
        "type": "Project",
        "dependencies": {
          "Celly": "[1.2.0, )",
          "Microsoft.Extensions.Logging.Abstractions": "[10.0.11, )",
          "System.Security.Cryptography.Pkcs": "[10.0.11, )",
          "YamlDotNet": "[18.1.0, )"
        }
      }
    },
    "net10.0/osx-arm64": {
      "System.Security.Cryptography.Pkcs": {
        "type": "Transitive",
        "resolved": "10.0.11",
        "contentHash": "8IV+rI3xN/Mkq9MsSX7VZTv9T9Wt+tyhHLwBX9VNZBk8m8kknEs1JeTSjI2x9M2L/fSja+c2WSE5n5Yy0GXdoQ=="
      }
    }
  }
}