{
  "version": 1,
  "dependencies": {
    "net10.0": {
      "Excise.Core": {
        "type": "Direct",
        "requested": "[3.8.0, )",
        "resolved": "3.8.0",
        "contentHash": "U9gQtIXlOfsH+hEhYi+P+bjGCESxwVzIxK8Z+mkXtaW9x/vQBfTuHtgtGUpvCxktmNki9085IUG75JLnzDOaiA==",
        "dependencies": {
          "CSJ2K": "3.0.0"
        }
      },
      "Celly": {
        "type": "Transitive",
        "resolved": "1.2.0",
        "contentHash": "3NuJoocWJLn82zl9SF8zuC/kJpnBLr7lrysQ1TNlT6OjxK4r+u0/2SWRwTu7hl9P7xybc88KHDKJY/PE4CIYbw=="
      },
      "CSJ2K": {
        "type": "Transitive",
        "resolved": "3.0.0",
        "contentHash": "mF0bzm1mwyu0sCCk/AXoDvqeJqPJfU+r0G2i3nXzPK22tfAFMoEUy8AazdNQqfChJmlamT7qf30B/NS8pTSIZQ==",
        "dependencies": {
          "NETStandard.Library": "1.6.1"
        }
      },
      "Microsoft.Extensions.DependencyInjection.Abstractions": {
        "type": "Transitive",
        "resolved": "10.0.8",
        "contentHash": "21nbDV60SRPWGIivsyl6lqBeEJNG1sginhhfWgRrr3Ais7aQ12To25OAHQxgoiJkjqy1aQ6RxpZBGYuTi7Ge6A=="
      },
      "Microsoft.Extensions.Logging.Abstractions": {
        "type": "Transitive",
        "resolved": "10.0.8",
        "contentHash": "fdVadZmsC8jRP0KvKy8mO8f6GV/HyBvElfcSxEhd+5FM5boAw/01iSaCto5G3G37ApJira4A3pNaVvBv8cUiLQ==",
        "dependencies": {
          "Microsoft.Extensions.DependencyInjection.Abstractions": "10.0.8"
        }
      },
      "Microsoft.NETCore.Platforms": {
        "type": "Transitive",
        "resolved": "1.1.0",
        "contentHash": "kz0PEW2lhqygehI/d6XsPCQzD7ff7gUJaVGPVETX611eadGsA3A877GdSlU0LRVMCTH/+P3o2iDTak+S08V2+A=="
      },
      "NETStandard.Library": {
        "type": "Transitive",
        "resolved": "1.6.1",
        "contentHash": "WcSp3+vP+yHNgS8EV5J7pZ9IRpeDuARBPN28by8zqff1wJQXm26PVU8L3/fYLBJVU7BtDyqNVWq2KlCVvSSR4A==",
        "dependencies": {
          "Microsoft.NETCore.Platforms": "1.1.0"
        }
      },
      "System.Security.Cryptography.Pkcs": {
        "type": "Transitive",
        "resolved": "10.0.0",
        "contentHash": "UPWqLSygJlFerRi9XNIuM0a1VC8gHUIufyP24xQ0sc+XimqUAEcjpOz9DhKpyDjH+5B/wO3RpC0KpkEeDj/ddg=="
      },
      "promptresponse.core": {
        "type": "Project",
        "dependencies": {
          "Celly": "[1.2.0, )",
          "Microsoft.Extensions.Logging.Abstractions": "[10.0.8, )",
          "System.Security.Cryptography.Pkcs": "[10.0.0, )"
        }
      }
    }
  }
}